
Microsoft Visual Studio Solution File, Format Version 12.00
# Visual Studio Version 17
VisualStudioVersion = 17.7.34221.43
MinimumVisualStudioVersion = 10.0.40219.1
Project("{9A19103F-16F7-4668-BE54-9A1E7A4F7556}") = "LeetCode", "LeetCode\LeetCode.csproj", "{596A8199-FAF8-44BE-A912-F8C2ABD455E2}"
EndProject
Project("{FAE04EC0-301F-11D3-BF4B-00C04F79EFBC}") = "GeeksForGeeks", "\GeeksForGeeks\GeeksForGeeks.csproj", "{A3106651-2680-4F31-AC12-6EFF5EA5E06E}"
EndProject
Global
	GlobalSection(SolutionConfigurationPlatforms) = preSolution
		Debug|Any CPU = Debug|Any CPU
		Release|Any CPU = Release|Any CPU
	EndGlobalSection
	GlobalSection(ProjectConfigurationPlatforms) = postSolution
		{596A8199-FAF8-44BE-A912-F8C2ABD455E2}.Debug|Any CPU.ActiveCfg = Debug|Any CPU
		{596A8199-FAF8-44BE-A912-F8C2ABD455E2}.Debug|Any CPU.Build.0 = Debug|Any CPU
		{596A8199-FAF8-44BE-A912-F8C2ABD455E2}.Release|Any CPU.ActiveCfg = Release|Any CPU
		{596A8199-FAF8-44BE-A912-F8C2ABD455E2}.Release|Any CPU.Build.0 = Release|Any CPU
		{A3106651-2680-4F31-AC12-6EFF5EA5E06E}.Debug|Any CPU.ActiveCfg = Debug|Any CPU
		{A3106651-2680-4F31-AC12-6EFF5EA5E06E}.Debug|Any CPU.Build.0 = Debug|Any CPU
		{A3106651-2680-4F31-AC12-6EFF5EA5E06E}.Release|Any CPU.ActiveCfg = Release|Any CPU
		{A3106651-2680-4F31-AC12-6EFF5EA5E06E}.Release|Any CPU.Build.0 = Release|Any CPU
	EndGlobalSection
	GlobalSection(SolutionProperties) = preSolution
		HideSolutionNode = FALSE
	EndGlobalSection
	GlobalSection(ExtensibilityGlobals) = postSolution
		SolutionGuid = {804B142B-D514-4359-8A30-AA4EFEA5A7EB}
	EndGlobalSection
EndGlobal
